
Microsoft Visual Studio Solution File, Format Version 12.00
# Visual Studio 15
VisualStudioVersion = 15.0.27703.2018
MinimumVisualStudioVersion = 10.0.40219.1
Project("{FAE04EC0-301F-11D3-BF4B-00C04F79EFBC}") = "MobileTemplate.Android", "MobileTemplate\MobileTemplate.Android\MobileTemplate.Android.csproj", "{BFE235F4-9330-4A7D-97FE-B3959DABCA5E}"
EndProject
Project("{FAE04EC0-301F-11D3-BF4B-00C04F79EFBC}") = "MobileTemplate.iOS", "MobileTemplate\MobileTemplate.iOS\MobileTemplate.iOS.csproj", "{9F110EC2-6B60-4FD3-A921-7E3F845D543E}"
EndProject
Project("{9A19103F-16F7-4668-BE54-9A1E7A4F7556}") = "MobileTemplate", "MobileTemplate\MobileTemplate\MobileTemplate.csproj", "{1E807C86-97E1-4EAE-A57A-4563F3F2D643}"
EndProject
Project("{9A19103F-16F7-4668-BE54-9A1E7A4F7556}") = "MobileTemplate.Managers", "MobileTemplate.Managers\MobileTemplate.Managers.csproj", "{6B63CFEF-CA72-469D-B2CB-F35DCD643428}"
EndProject
Project("{2150E333-8FDC-42A3-9474-1A3956D46DE8}") = "BLL", "BLL", "{C6BD0BE9-1DC3-418C-A878-EAD8DD4AAF98}"
EndProject
Project("{9A19103F-16F7-4668-BE54-9A1E7A4F7556}") = "MobileTemplate.Entities", "MobileTemplate.Entities\MobileTemplate.Entities.csproj", "{97C4FAAB-7A80-405A-9E79-5D801F3EF83D}"
EndProject
Project("{2150E333-8FDC-42A3-9474-1A3956D46DE8}") = "DAL", "DAL", "{CB550B60-703D-4746-9AF7-70D78B10A80D}"
EndProject
Project("{9A19103F-16F7-4668-BE54-9A1E7A4F7556}") = "MobileTemplate.WebServices", "MobileTemplate.WebServices\MobileTemplate.WebServices.csproj", "{100B0906-6B54-452E-AAA2-8D02121BA660}"
EndProject
Project("{9A19103F-16F7-4668-BE54-9A1E7A4F7556}") = "MobileTemplate.DataContracts", "MobileTemplate.DataContracts\MobileTemplate.DataContracts.csproj", "{D108383F-41EB-43C0-8818-07FD6241E6F8}"
EndProject
Project("{9A19103F-16F7-4668-BE54-9A1E7A4F7556}") = "MobileTemplate.Common", "MobileTemplate.Common\MobileTemplate.Common.csproj", "{994CB893-584D-4EC0-8FAC-0FB1299D121D}"
EndProject
Global
	GlobalSection(SolutionConfigurationPlatforms) = preSolution
		Ad-Hoc|Any CPU = Ad-Hoc|Any CPU
		Ad-Hoc|iPhone = Ad-Hoc|iPhone
		Ad-Hoc|iPhoneSimulator = Ad-Hoc|iPhoneSimulator
		AppStore|Any CPU = AppStore|Any CPU
		AppStore|iPhone = AppStore|iPhone
		AppStore|iPhoneSimulator = AppStore|iPhoneSimulator
		Debug|Any CPU = Debug|Any CPU
		Debug|iPhone = Debug|iPhone
		Debug|iPhoneSimulator = Debug|iPhoneSimulator
		Release|Any CPU = Release|Any CPU
		Release|iPhone = Release|iPhone
		Release|iPhoneSimulator = Release|iPhoneSimulator
	EndGlobalSection
	GlobalSection(ProjectConfigurationPlatforms) = postSolution
		{BFE235F4-9330-4A7D-97FE-B3959DABCA5E}.Ad-Hoc|Any CPU.ActiveCfg = Release|Any CPU
		{BFE235F4-9330-4A7D-97FE-B3959DABCA5E}.Ad-Hoc|Any CPU.Build.0 = Release|Any CPU
		{BFE235F4-9330-4A7D-97FE-B3959DABCA5E}.Ad-Hoc|Any CPU.Deploy.0 = Release|Any CPU
		{BFE235F4-9330-4A7D-97FE-B3959DABCA5E}.Ad-Hoc|iPhone.ActiveCfg = Release|Any CPU
		{BFE235F4-9330-4A7D-97FE-B3959DABCA5E}.Ad-Hoc|iPhone.Build.0 = Release|Any CPU
		{BFE235F4-9330-4A7D-97FE-B3959DABCA5E}.Ad-Hoc|iPhone.Deploy.0 = Release|Any CPU
		{BFE235F4-9330-4A7D-97FE-B3959DABCA5E}.Ad-Hoc|iPhoneSimulator.ActiveCfg = Release|Any CPU
		{BFE235F4-9330-4A7D-97FE-B3959DABCA5E}.Ad-Hoc|iPhoneSimulator.Build.0 = Release|Any CPU
		{BFE235F4-9330-4A7D-97FE-B3959DABCA5E}.Ad-Hoc|iPhoneSimulator.Deploy.0 = Release|Any CPU
		{BFE235F4-9330-4A7D-97FE-B3959DABCA5E}.AppStore|Any CPU.ActiveCfg = Release|Any CPU
		{BFE235F4-9330-4A7D-97FE-B3959DABCA5E}.AppStore|Any CPU.Build.0 = Release|Any CPU
		{BFE235F4-9330-4A7D-97FE-B3959DABCA5E}.AppStore|Any CPU.Deploy.0 = Release|Any CPU
		{BFE235F4-9330-4A7D-97FE-B3959DABCA5E}.AppStore|iPhone.ActiveCfg = Release|Any CPU
		{BFE235F4-9330-4A7D-97FE-B3959DABCA5E}.AppStore|iPhone.Build.0 = Release|Any CPU
		{BFE235F4-9330-4A7D-97FE-B3959DABCA5E}.AppStore|iPhone.Deploy.0 = Release|Any CPU
		{BFE235F4-9330-4A7D-97FE-B3959DABCA5E}.AppStore|iPhoneSimulator.ActiveCfg = Release|Any CPU
		{BFE235F4-9330-4A7D-97FE-B3959DABCA5E}.AppStore|iPhoneSimulator.Build.0 = Release|Any CPU
		{BFE235F4-9330-4A7D-97FE-B3959DABCA5E}.AppStore|iPhoneSimulator.Deploy.0 = Release|Any CPU
		{BFE235F4-9330-4A7D-97FE-B3959DABCA5E}.Debug|Any CPU.ActiveCfg = Debug|Any CPU
		{BFE235F4-9330-4A7D-97FE-B3959DABCA5E}.Debug|Any CPU.Build.0 = Debug|Any CPU
		{BFE235F4-9330-4A7D-97FE-B3959DABCA5E}.Debug|Any CPU.Deploy.0 = Debug|Any CPU
		{BFE235F4-9330-4A7D-97FE-B3959DABCA5E}.Debug|iPhone.ActiveCfg = Debug|Any CPU
		{BFE235F4-9330-4A7D-97FE-B3959DABCA5E}.Debug|iPhone.Build.0 = Debug|Any CPU
		{BFE235F4-9330-4A7D-97FE-B3959DABCA5E}.Debug|iPhone.Deploy.0 = Debug|Any CPU
		{BFE235F4-9330-4A7D-97FE-B3959DABCA5E}.Debug|iPhoneSimulator.ActiveCfg = Debug|Any CPU
		{BFE235F4-9330-4A7D-97FE-B3959DABCA5E}.Debug|iPhoneSimulator.Build.0 = Debug|Any CPU
		{BFE235F4-9330-4A7D-97FE-B3959DABCA5E}.Debug|iPhoneSimulator.Deploy.0 = Debug|Any CPU
		{BFE235F4-9330-4A7D-97FE-B3959DABCA5E}.Release|Any CPU.ActiveCfg = Release|Any CPU
		{BFE235F4-9330-4A7D-97FE-B3959DABCA5E}.Release|Any CPU.Build.0 = Release|Any CPU
		{BFE235F4-9330-4A7D-97FE-B3959DABCA5E}.Release|Any CPU.Deploy.0 = Release|Any CPU
		{BFE235F4-9330-4A7D-97FE-B3959DABCA5E}.Release|iPhone.ActiveCfg = Release|Any CPU
		{BFE235F4-9330-4A7D-97FE-B3959DABCA5E}.Release|iPhone.Build.0 = Release|Any CPU
		{BFE235F4-9330-4A7D-97FE-B3959DABCA5E}.Release|iPhone.Deploy.0 = Release|Any CPU
		{BFE235F4-9330-4A7D-97FE-B3959DABCA5E}.Release|iPhoneSimulator.ActiveCfg = Release|Any CPU
		{BFE235F4-9330-4A7D-97FE-B3959DABCA5E}.Release|iPhoneSimulator.Build.0 = Release|Any CPU
		{BFE235F4-9330-4A7D-97FE-B3959DABCA5E}.Release|iPhoneSimulator.Deploy.0 = Release|Any CPU
		{9F110EC2-6B60-4FD3-A921-7E3F845D543E}.Ad-Hoc|Any CPU.ActiveCfg = Ad-Hoc|iPhone
		{9F110EC2-6B60-4FD3-A921-7E3F845D543E}.Ad-Hoc|Any CPU.Build.0 = Ad-Hoc|iPhone
		{9F110EC2-6B60-4FD3-A921-7E3F845D543E}.Ad-Hoc|Any CPU.Deploy.0 = Ad-Hoc|iPhone
		{9F110EC2-6B60-4FD3-A921-7E3F845D543E}.Ad-Hoc|iPhone.ActiveCfg = Ad-Hoc|iPhone
		{9F110EC2-6B60-4FD3-A921-7E3F845D543E}.Ad-Hoc|iPhone.Build.0 = Ad-Hoc|iPhone
		{9F110EC2-6B60-4FD3-A921-7E3F845D543E}.Ad-Hoc|iPhone.Deploy.0 = Ad-Hoc|iPhone
		{9F110EC2-6B60-4FD3-A921-7E3F845D543E}.Ad-Hoc|iPhoneSimulator.ActiveCfg = Ad-Hoc|iPhoneSimulator
		{9F110EC2-6B60-4FD3-A921-7E3F845D543E}.Ad-Hoc|iPhoneSimulator.Build.0 = Ad-Hoc|iPhoneSimulator
		{9F110EC2-6B60-4FD3-A921-7E3F845D543E}.Ad-Hoc|iPhoneSimulator.Deploy.0 = Ad-Hoc|iPhoneSimulator
		{9F110EC2-6B60-4FD3-A921-7E3F845D543E}.AppStore|Any CPU.ActiveCfg = AppStore|iPhone
		{9F110EC2-6B60-4FD3-A921-7E3F845D543E}.AppStore|Any CPU.Build.0 = AppStore|iPhone
		{9F110EC2-6B60-4FD3-A921-7E3F845D543E}.AppStore|Any CPU.Deploy.0 = AppStore|iPhone
		{9F110EC2-6B60-4FD3-A921-7E3F845D543E}.AppStore|iPhone.ActiveCfg = AppStore|iPhone
		{9F110EC2-6B60-4FD3-A921-7E3F845D543E}.AppStore|iPhone.Build.0 = AppStore|iPhone
		{9F110EC2-6B60-4FD3-A921-7E3F845D543E}.AppStore|iPhone.Deploy.0 = AppStore|iPhone
		{9F110EC2-6B60-4FD3-A921-7E3F845D543E}.AppStore|iPhoneSimulator.ActiveCfg = AppStore|iPhoneSimulator
		{9F110EC2-6B60-4FD3-A921-7E3F845D543E}.AppStore|iPhoneSimulator.Build.0 = AppStore|iPhoneSimulator
		{9F110EC2-6B60-4FD3-A921-7E3F845D543E}.AppStore|iPhoneSimulator.Deploy.0 = AppStore|iPhoneSimulator
		{9F110EC2-6B60-4FD3-A921-7E3F845D543E}.Debug|Any CPU.ActiveCfg = Debug|iPhoneSimulator
		{9F110EC2-6B60-4FD3-A921-7E3F845D543E}.Debug|Any CPU.Build.0 = Debug|iPhoneSimulator
		{9F110EC2-6B60-4FD3-A921-7E3F845D543E}.Debug|Any CPU.Deploy.0 = Debug|iPhoneSimulator
		{9F110EC2-6B60-4FD3-A921-7E3F845D543E}.Debug|iPhone.ActiveCfg = Debug|iPhone
		{9F110EC2-6B60-4FD3-A921-7E3F845D543E}.Debug|iPhone.Build.0 = Debug|iPhone
		{9F110EC2-6B60-4FD3-A921-7E3F845D543E}.Debug|iPhone.Deploy.0 = Debug|iPhone
		{9F110EC2-6B60-4FD3-A921-7E3F845D543E}.Debug|iPhoneSimulator.ActiveCfg = Debug|iPhoneSimulator
		{9F110EC2-6B60-4FD3-A921-7E3F845D543E}.Debug|iPhoneSimulator.Build.0 = Debug|iPhoneSimulator
		{9F110EC2-6B60-4FD3-A921-7E3F845D543E}.Debug|iPhoneSimulator.Deploy.0 = Debug|iPhoneSimulator
		{9F110EC2-6B60-4FD3-A921-7E3F845D543E}.Release|Any CPU.ActiveCfg = Release|iPhone
		{9F110EC2-6B60-4FD3-A921-7E3F845D543E}.Release|Any CPU.Build.0 = Release|iPhone
		{9F110EC2-6B60-4FD3-A921-7E3F845D543E}.Release|Any CPU.Deploy.0 = Release|iPhone
		{9F110EC2-6B60-4FD3-A921-7E3F845D543E}.Release|iPhone.ActiveCfg = Release|iPhone
		{9F110EC2-6B60-4FD3-A921-7E3F845D543E}.Release|iPhone.Build.0 = Release|iPhone
		{9F110EC2-6B60-4FD3-A921-7E3F845D543E}.Release|iPhone.Deploy.0 = Release|iPhone
		{9F110EC2-6B60-4FD3-A921-7E3F845D543E}.Release|iPhoneSimulator.ActiveCfg = Release|iPhoneSimulator
		{9F110EC2-6B60-4FD3-A921-7E3F845D543E}.Release|iPhoneSimulator.Build.0 = Release|iPhoneSimulator
		{9F110EC2-6B60-4FD3-A921-7E3F845D543E}.Release|iPhoneSimulator.Deploy.0 = Release|iPhoneSimulator
		{1E807C86-97E1-4EAE-A57A-4563F3F2D643}.Ad-Hoc|Any CPU.ActiveCfg = Debug|Any CPU
		{1E807C86-97E1-4EAE-A57A-4563F3F2D643}.Ad-Hoc|Any CPU.Build.0 = Debug|Any CPU
		{1E807C86-97E1-4EAE-A57A-4563F3F2D643}.Ad-Hoc|Any CPU.Deploy.0 = Debug|Any CPU
		{1E807C86-97E1-4EAE-A57A-4563F3F2D643}.Ad-Hoc|iPhone.ActiveCfg = Debug|Any CPU
		{1E807C86-97E1-4EAE-A57A-4563F3F2D643}.Ad-Hoc|iPhone.Build.0 = Debug|Any CPU
		{1E807C86-97E1-4EAE-A57A-4563F3F2D643}.Ad-Hoc|iPhone.Deploy.0 = Debug|Any CPU
		{1E807C86-97E1-4EAE-A57A-4563F3F2D643}.Ad-Hoc|iPhoneSimulator.ActiveCfg = Debug|Any CPU
		{1E807C86-97E1-4EAE-A57A-4563F3F2D643}.Ad-Hoc|iPhoneSimulator.Build.0 = Debug|Any CPU
		{1E807C86-97E1-4EAE-A57A-4563F3F2D643}.Ad-Hoc|iPhoneSimulator.Deploy.0 = Debug|Any CPU
		{1E807C86-97E1-4EAE-A57A-4563F3F2D643}.AppStore|Any CPU.ActiveCfg = Debug|Any CPU
		{1E807C86-97E1-4EAE-A57A-4563F3F2D643}.AppStore|Any CPU.Build.0 = Debug|Any CPU
		{1E807C86-97E1-4EAE-A57A-4563F3F2D643}.AppStore|Any CPU.Deploy.0 = Debug|Any CPU
		{1E807C86-97E1-4EAE-A57A-4563F3F2D643}.AppStore|iPhone.ActiveCfg = Debug|Any CPU
		{1E807C86-97E1-4EAE-A57A-4563F3F2D643}.AppStore|iPhone.Build.0 = Debug|Any CPU
		{1E807C86-97E1-4EAE-A57A-4563F3F2D643}.AppStore|iPhone.Deploy.0 = Debug|Any CPU
		{1E807C86-97E1-4EAE-A57A-4563F3F2D643}.AppStore|iPhoneSimulator.ActiveCfg = Debug|Any CPU
		{1E807C86-97E1-4EAE-A57A-4563F3F2D643}.AppStore|iPhoneSimulator.Build.0 = Debug|Any CPU
		{1E807C86-97E1-4EAE-A57A-4563F3F2D643}.AppStore|iPhoneSimulator.Deploy.0 = Debug|Any CPU
		{1E807C86-97E1-4EAE-A57A-4563F3F2D643}.Debug|Any CPU.ActiveCfg = Debug|Any CPU
		{1E807C86-97E1-4EAE-A57A-4563F3F2D643}.Debug|Any CPU.Build.0 = Debug|Any CPU
		{1E807C86-97E1-4EAE-A57A-4563F3F2D643}.Debug|Any CPU.Deploy.0 = Debug|Any CPU
		{1E807C86-97E1-4EAE-A57A-4563F3F2D643}.Debug|iPhone.ActiveCfg = Debug|Any CPU
		{1E807C86-97E1-4EAE-A57A-4563F3F2D643}.Debug|iPhone.Build.0 = Debug|Any CPU
		{1E807C86-97E1-4EAE-A57A-4563F3F2D643}.Debug|iPhone.Deploy.0 = Debug|Any CPU
		{1E807C86-97E1-4EAE-A57A-4563F3F2D643}.Debug|iPhoneSimulator.ActiveCfg = Debug|Any CPU
		{1E807C86-97E1-4EAE-A57A-4563F3F2D643}.Debug|iPhoneSimulator.Build.0 = Debug|Any CPU
		{1E807C86-97E1-4EAE-A57A-4563F3F2D643}.Debug|iPhoneSimulator.Deploy.0 = Debug|Any CPU
		{1E807C86-97E1-4EAE-A57A-4563F3F2D643}.Release|Any CPU.ActiveCfg = Release|Any CPU
		{1E807C86-97E1-4EAE-A57A-4563F3F2D643}.Release|Any CPU.Build.0 = Release|Any CPU
		{1E807C86-97E1-4EAE-A57A-4563F3F2D643}.Release|Any CPU.Deploy.0 = Release|Any CPU
		{1E807C86-97E1-4EAE-A57A-4563F3F2D643}.Release|iPhone.ActiveCfg = Release|Any CPU
		{1E807C86-97E1-4EAE-A57A-4563F3F2D643}.Release|iPhone.Build.0 = Release|Any CPU
		{1E807C86-97E1-4EAE-A57A-4563F3F2D643}.Release|iPhone.Deploy.0 = Release|Any CPU
		{1E807C86-97E1-4EAE-A57A-4563F3F2D643}.Release|iPhoneSimulator.ActiveCfg = Release|Any CPU
		{1E807C86-97E1-4EAE-A57A-4563F3F2D643}.Release|iPhoneSimulator.Build.0 = Release|Any CPU
		{1E807C86-97E1-4EAE-A57A-4563F3F2D643}.Release|iPhoneSimulator.Deploy.0 = Release|Any CPU
		{6B63CFEF-CA72-469D-B2CB-F35DCD643428}.Ad-Hoc|Any CPU.ActiveCfg = Debug|Any CPU
		{6B63CFEF-CA72-469D-B2CB-F35DCD643428}.Ad-Hoc|Any CPU.Build.0 = Debug|Any CPU
		{6B63CFEF-CA72-469D-B2CB-F35DCD643428}.Ad-Hoc|iPhone.ActiveCfg = Debug|Any CPU
		{6B63CFEF-CA72-469D-B2CB-F35DCD643428}.Ad-Hoc|iPhone.Build.0 = Debug|Any CPU
		{6B63CFEF-CA72-469D-B2CB-F35DCD643428}.Ad-Hoc|iPhoneSimulator.ActiveCfg = Debug|Any CPU
		{6B63CFEF-CA72-469D-B2CB-F35DCD643428}.Ad-Hoc|iPhoneSimulator.Build.0 = Debug|Any CPU
		{6B63CFEF-CA72-469D-B2CB-F35DCD643428}.AppStore|Any CPU.ActiveCfg = Debug|Any CPU
		{6B63CFEF-CA72-469D-B2CB-F35DCD643428}.AppStore|Any CPU.Build.0 = Debug|Any CPU
		{6B63CFEF-CA72-469D-B2CB-F35DCD643428}.AppStore|iPhone.ActiveCfg = Debug|Any CPU
		{6B63CFEF-CA72-469D-B2CB-F35DCD643428}.AppStore|iPhone.Build.0 = Debug|Any CPU
		{6B63CFEF-CA72-469D-B2CB-F35DCD643428}.AppStore|iPhoneSimulator.ActiveCfg = Debug|Any CPU
		{6B63CFEF-CA72-469D-B2CB-F35DCD643428}.AppStore|iPhoneSimulator.Build.0 = Debug|Any CPU
		{6B63CFEF-CA72-469D-B2CB-F35DCD643428}.Debug|Any CPU.ActiveCfg = Debug|Any CPU
		{6B63CFEF-CA72-469D-B2CB-F35DCD643428}.Debug|Any CPU.Build.0 = Debug|Any CPU
		{6B63CFEF-CA72-469D-B2CB-F35DCD643428}.Debug|iPhone.ActiveCfg = Debug|Any CPU
		{6B63CFEF-CA72-469D-B2CB-F35DCD643428}.Debug|iPhone.Build.0 = Debug|Any CPU
		{6B63CFEF-CA72-469D-B2CB-F35DCD643428}.Debug|iPhoneSimulator.ActiveCfg = Debug|Any CPU
		{6B63CFEF-CA72-469D-B2CB-F35DCD643428}.Debug|iPhoneSimulator.Build.0 = Debug|Any CPU
		{6B63CFEF-CA72-469D-B2CB-F35DCD643428}.Release|Any CPU.ActiveCfg = Release|Any CPU
		{6B63CFEF-CA72-469D-B2CB-F35DCD643428}.Release|Any CPU.Build.0 = Release|Any CPU
		{6B63CFEF-CA72-469D-B2CB-F35DCD643428}.Release|iPhone.ActiveCfg = Release|Any CPU
		{6B63CFEF-CA72-469D-B2CB-F35DCD643428}.Release|iPhone.Build.0 = Release|Any CPU
		{6B63CFEF-CA72-469D-B2CB-F35DCD643428}.Release|iPhoneSimulator.ActiveCfg = Release|Any CPU
		{6B63CFEF-CA72-469D-B2CB-F35DCD643428}.Release|iPhoneSimulator.Build.0 = Release|Any CPU
		{97C4FAAB-7A80-405A-9E79-5D801F3EF83D}.Ad-Hoc|Any CPU.ActiveCfg = Debug|Any CPU
		{97C4FAAB-7A80-405A-9E79-5D801F3EF83D}.Ad-Hoc|Any CPU.Build.0 = Debug|Any CPU
		{97C4FAAB-7A80-405A-9E79-5D801F3EF83D}.Ad-Hoc|iPhone.ActiveCfg = Debug|Any CPU
		{97C4FAAB-7A80-405A-9E79-5D801F3EF83D}.Ad-Hoc|iPhone.Build.0 = Debug|Any CPU
		{97C4FAAB-7A80-405A-9E79-5D801F3EF83D}.Ad-Hoc|iPhoneSimulator.ActiveCfg = Debug|Any CPU
		{97C4FAAB-7A80-405A-9E79-5D801F3EF83D}.Ad-Hoc|iPhoneSimulator.Build.0 = Debug|Any CPU
		{97C4FAAB-7A80-405A-9E79-5D801F3EF83D}.AppStore|Any CPU.ActiveCfg = Debug|Any CPU
		{97C4FAAB-7A80-405A-9E79-5D801F3EF83D}.AppStore|Any CPU.Build.0 = Debug|Any CPU
		{97C4FAAB-7A80-405A-9E79-5D801F3EF83D}.AppStore|iPhone.ActiveCfg = Debug|Any CPU
		{97C4FAAB-7A80-405A-9E79-5D801F3EF83D}.AppStore|iPhone.Build.0 = Debug|Any CPU
		{97C4FAAB-7A80-405A-9E79-5D801F3EF83D}.AppStore|iPhoneSimulator.ActiveCfg = Debug|Any CPU
		{97C4FAAB-7A80-405A-9E79-5D801F3EF83D}.AppStore|iPhoneSimulator.Build.0 = Debug|Any CPU
		{97C4FAAB-7A80-405A-9E79-5D801F3EF83D}.Debug|Any CPU.ActiveCfg = Debug|Any CPU
		{97C4FAAB-7A80-405A-9E79-5D801F3EF83D}.Debug|Any CPU.Build.0 = Debug|Any CPU
		{97C4FAAB-7A80-405A-9E79-5D801F3EF83D}.Debug|iPhone.ActiveCfg = Debug|Any CPU
		{97C4FAAB-7A80-405A-9E79-5D801F3EF83D}.Debug|iPhone.Build.0 = Debug|Any CPU
		{97C4FAAB-7A80-405A-9E79-5D801F3EF83D}.Debug|iPhoneSimulator.ActiveCfg = Debug|Any CPU
		{97C4FAAB-7A80-405A-9E79-5D801F3EF83D}.Debug|iPhoneSimulator.Build.0 = Debug|Any CPU
		{97C4FAAB-7A80-405A-9E79-5D801F3EF83D}.Release|Any CPU.ActiveCfg = Release|Any CPU
		{97C4FAAB-7A80-405A-9E79-5D801F3EF83D}.Release|Any CPU.Build.0 = Release|Any CPU
		{97C4FAAB-7A80-405A-9E79-5D801F3EF83D}.Release|iPhone.ActiveCfg = Release|Any CPU
		{97C4FAAB-7A80-405A-9E79-5D801F3EF83D}.Release|iPhone.Build.0 = Release|Any CPU
		{97C4FAAB-7A80-405A-9E79-5D801F3EF83D}.Release|iPhoneSimulator.ActiveCfg = Release|Any CPU
		{97C4FAAB-7A80-405A-9E79-5D801F3EF83D}.Release|iPhoneSimulator.Build.0 = Release|Any CPU
		{100B0906-6B54-452E-AAA2-8D02121BA660}.Ad-Hoc|Any CPU.ActiveCfg = Debug|Any CPU
		{100B0906-6B54-452E-AAA2-8D02121BA660}.Ad-Hoc|Any CPU.Build.0 = Debug|Any CPU
		{100B0906-6B54-452E-AAA2-8D02121BA660}.Ad-Hoc|iPhone.ActiveCfg = Debug|Any CPU
		{100B0906-6B54-452E-AAA2-8D02121BA660}.Ad-Hoc|iPhone.Build.0 = Debug|Any CPU
		{100B0906-6B54-452E-AAA2-8D02121BA660}.Ad-Hoc|iPhoneSimulator.ActiveCfg = Debug|Any CPU
		{100B0906-6B54-452E-AAA2-8D02121BA660}.Ad-Hoc|iPhoneSimulator.Build.0 = Debug|Any CPU
		{100B0906-6B54-452E-AAA2-8D02121BA660}.AppStore|Any CPU.ActiveCfg = Debug|Any CPU
		{100B0906-6B54-452E-AAA2-8D02121BA660}.AppStore|Any CPU.Build.0 = Debug|Any CPU
		{100B0906-6B54-452E-AAA2-8D02121BA660}.AppStore|iPhone.ActiveCfg = Debug|Any CPU
		{100B0906-6B54-452E-AAA2-8D02121BA660}.AppStore|iPhone.Build.0 = Debug|Any CPU
		{100B0906-6B54-452E-AAA2-8D02121BA660}.AppStore|iPhoneSimulator.ActiveCfg = Debug|Any CPU
		{100B0906-6B54-452E-AAA2-8D02121BA660}.AppStore|iPhoneSimulator.Build.0 = Debug|Any CPU
		{100B0906-6B54-452E-AAA2-8D02121BA660}.Debug|Any CPU.ActiveCfg = Debug|Any CPU
		{100B0906-6B54-452E-AAA2-8D02121BA660}.Debug|Any CPU.Build.0 = Debug|Any CPU
		{100B0906-6B54-452E-AAA2-8D02121BA660}.Debug|iPhone.ActiveCfg = Debug|Any CPU
		{100B0906-6B54-452E-AAA2-8D02121BA660}.Debug|iPhone.Build.0 = Debug|Any CPU
		{100B0906-6B54-452E-AAA2-8D02121BA660}.Debug|iPhoneSimulator.ActiveCfg = Debug|Any CPU
		{100B0906-6B54-452E-AAA2-8D02121BA660}.Debug|iPhoneSimulator.Build.0 = Debug|Any CPU
		{100B0906-6B54-452E-AAA2-8D02121BA660}.Release|Any CPU.ActiveCfg = Release|Any CPU
		{100B0906-6B54-452E-AAA2-8D02121BA660}.Release|Any CPU.Build.0 = Release|Any CPU
		{100B0906-6B54-452E-AAA2-8D02121BA660}.Release|iPhone.ActiveCfg = Release|Any CPU
		{100B0906-6B54-452E-AAA2-8D02121BA660}.Release|iPhone.Build.0 = Release|Any CPU
		{100B0906-6B54-452E-AAA2-8D02121BA660}.Release|iPhoneSimulator.ActiveCfg = Release|Any CPU
		{100B0906-6B54-452E-AAA2-8D02121BA660}.Release|iPhoneSimulator.Build.0 = Release|Any CPU
		{D108383F-41EB-43C0-8818-07FD6241E6F8}.Ad-Hoc|Any CPU.ActiveCfg = Debug|Any CPU
		{D108383F-41EB-43C0-8818-07FD6241E6F8}.Ad-Hoc|Any CPU.Build.0 = Debug|Any CPU
		{D108383F-41EB-43C0-8818-07FD6241E6F8}.Ad-Hoc|iPhone.ActiveCfg = Debug|Any CPU
		{D108383F-41EB-43C0-8818-07FD6241E6F8}.Ad-Hoc|iPhone.Build.0 = Debug|Any CPU
		{D108383F-41EB-43C0-8818-07FD6241E6F8}.Ad-Hoc|iPhoneSimulator.ActiveCfg = Debug|Any CPU
		{D108383F-41EB-43C0-8818-07FD6241E6F8}.Ad-Hoc|iPhoneSimulator.Build.0 = Debug|Any CPU
		{D108383F-41EB-43C0-8818-07FD6241E6F8}.AppStore|Any CPU.ActiveCfg = Debug|Any CPU
		{D108383F-41EB-43C0-8818-07FD6241E6F8}.AppStore|Any CPU.Build.0 = Debug|Any CPU
		{D108383F-41EB-43C0-8818-07FD6241E6F8}.AppStore|iPhone.ActiveCfg = Debug|Any CPU
		{D108383F-41EB-43C0-8818-07FD6241E6F8}.AppStore|iPhone.Build.0 = Debug|Any CPU
		{D108383F-41EB-43C0-8818-07FD6241E6F8}.AppStore|iPhoneSimulator.ActiveCfg = Debug|Any CPU
		{D108383F-41EB-43C0-8818-07FD6241E6F8}.AppStore|iPhoneSimulator.Build.0 = Debug|Any CPU
		{D108383F-41EB-43C0-8818-07FD6241E6F8}.Debug|Any CPU.ActiveCfg = Debug|Any CPU
		{D108383F-41EB-43C0-8818-07FD6241E6F8}.Debug|Any CPU.Build.0 = Debug|Any CPU
		{D108383F-41EB-43C0-8818-07FD6241E6F8}.Debug|iPhone.ActiveCfg = Debug|Any CPU
		{D108383F-41EB-43C0-8818-07FD6241E6F8}.Debug|iPhone.Build.0 = Debug|Any CPU
		{D108383F-41EB-43C0-8818-07FD6241E6F8}.Debug|iPhoneSimulator.ActiveCfg = Debug|Any CPU
		{D108383F-41EB-43C0-8818-07FD6241E6F8}.Debug|iPhoneSimulator.Build.0 = Debug|Any CPU
		{D108383F-41EB-43C0-8818-07FD6241E6F8}.Release|Any CPU.ActiveCfg = Release|Any CPU
		{D108383F-41EB-43C0-8818-07FD6241E6F8}.Release|Any CPU.Build.0 = Release|Any CPU
		{D108383F-41EB-43C0-8818-07FD6241E6F8}.Release|iPhone.ActiveCfg = Release|Any CPU
		{D108383F-41EB-43C0-8818-07FD6241E6F8}.Release|iPhone.Build.0 = Release|Any CPU
		{D108383F-41EB-43C0-8818-07FD6241E6F8}.Release|iPhoneSimulator.ActiveCfg = Release|Any CPU
		{D108383F-41EB-43C0-8818-07FD6241E6F8}.Release|iPhoneSimulator.Build.0 = Release|Any CPU
		{994CB893-584D-4EC0-8FAC-0FB1299D121D}.Ad-Hoc|Any CPU.ActiveCfg = Debug|Any CPU
		{994CB893-584D-4EC0-8FAC-0FB1299D121D}.Ad-Hoc|Any CPU.Build.0 = Debug|Any CPU
		{994CB893-584D-4EC0-8FAC-0FB1299D121D}.Ad-Hoc|iPhone.ActiveCfg = Debug|Any CPU
		{994CB893-584D-4EC0-8FAC-0FB1299D121D}.Ad-Hoc|iPhone.Build.0 = Debug|Any CPU
		{994CB893-584D-4EC0-8FAC-0FB1299D121D}.Ad-Hoc|iPhoneSimulator.ActiveCfg = Debug|Any CPU
		{994CB893-584D-4EC0-8FAC-0FB1299D121D}.Ad-Hoc|iPhoneSimulator.Build.0 = Debug|Any CPU
		{994CB893-584D-4EC0-8FAC-0FB1299D121D}.AppStore|Any CPU.ActiveCfg = Debug|Any CPU
		{994CB893-584D-4EC0-8FAC-0FB1299D121D}.AppStore|Any CPU.Build.0 = Debug|Any CPU
		{994CB893-584D-4EC0-8FAC-0FB1299D121D}.AppStore|iPhone.ActiveCfg = Debug|Any CPU
		{994CB893-584D-4EC0-8FAC-0FB1299D121D}.AppStore|iPhone.Build.0 = Debug|Any CPU
		{994CB893-584D-4EC0-8FAC-0FB1299D121D}.AppStore|iPhoneSimulator.ActiveCfg = Debug|Any CPU
		{994CB893-584D-4EC0-8FAC-0FB1299D121D}.AppStore|iPhoneSimulator.Build.0 = Debug|Any CPU
		{994CB893-584D-4EC0-8FAC-0FB1299D121D}.Debug|Any CPU.ActiveCfg = Debug|Any CPU
		{994CB893-584D-4EC0-8FAC-0FB1299D121D}.Debug|Any CPU.Build.0 = Debug|Any CPU
		{994CB893-584D-4EC0-8FAC-0FB1299D121D}.Debug|iPhone.ActiveCfg = Debug|Any CPU
		{994CB893-584D-4EC0-8FAC-0FB1299D121D}.Debug|iPhone.Build.0 = Debug|Any CPU
		{994CB893-584D-4EC0-8FAC-0FB1299D121D}.Debug|iPhoneSimulator.ActiveCfg = Debug|Any CPU
		{994CB893-584D-4EC0-8FAC-0FB1299D121D}.Debug|iPhoneSimulator.Build.0 = Debug|Any CPU
		{994CB893-584D-4EC0-8FAC-0FB1299D121D}.Release|Any CPU.ActiveCfg = Release|Any CPU
		{994CB893-584D-4EC0-8FAC-0FB1299D121D}.Release|Any CPU.Build.0 = Release|Any CPU
		{994CB893-584D-4EC0-8FAC-0FB1299D121D}.Release|iPhone.ActiveCfg = Release|Any CPU
		{994CB893-584D-4EC0-8FAC-0FB1299D121D}.Release|iPhone.Build.0 = Release|Any CPU
		{994CB893-584D-4EC0-8FAC-0FB1299D121D}.Release|iPhoneSimulator.ActiveCfg = Release|Any CPU
		{994CB893-584D-4EC0-8FAC-0FB1299D121D}.Release|iPhoneSimulator.Build.0 = Release|Any CPU
	EndGlobalSection
	GlobalSection(SolutionProperties) = preSolution
		HideSolutionNode = FALSE
	EndGlobalSection
	GlobalSection(NestedProjects) = preSolution
		{6B63CFEF-CA72-469D-B2CB-F35DCD643428} = {C6BD0BE9-1DC3-418C-A878-EAD8DD4AAF98}
		{97C4FAAB-7A80-405A-9E79-5D801F3EF83D} = {C6BD0BE9-1DC3-418C-A878-EAD8DD4AAF98}
		{100B0906-6B54-452E-AAA2-8D02121BA660} = {CB550B60-703D-4746-9AF7-70D78B10A80D}
		{D108383F-41EB-43C0-8818-07FD6241E6F8} = {CB550B60-703D-4746-9AF7-70D78B10A80D}
	EndGlobalSection
	GlobalSection(ExtensibilityGlobals) = postSolution
		SolutionGuid = {B47B74BC-7544-41E6-9D3A-A65E7F26770F}
	EndGlobalSection
EndGlobal
